{
    "name": "chessmaster",
    "lockfileVersion": 3,
    "requires": true,
    "packages": {
        "": {
            "name": "chessmaster",
            "devDependencies": {
                "chart.js": "^4.5.1",
                "chess.js": "^1.4.0",
                "stockfish": "^18.0.8"
            },
            "version": "1.0.1"
        },
        "node_modules/@kurkle/color": {
            "version": "0.3.4",
            "resolved": "https://registry.npmjs.org/@kurkle/color/-/color-0.3.4.tgz",
            "integrity": "sha512-M5UknZPHRu3DEDWoipU6sE8PdkZ6Z/S+v4dD+Ke8IaNlpdSQah50lz1KtcFBa2vsdOnwbbnxJwVM4wty6udA5w==",
            "dev": true,
            "license": "MIT"
        },
        "node_modules/chart.js": {
            "version": "4.5.1",
            "resolved": "https://registry.npmjs.org/chart.js/-/chart.js-4.5.1.tgz",
            "integrity": "sha512-GIjfiT9dbmHRiYi6Nl2yFCq7kkwdkp1W/lp2J99rX0yo9tgJGn3lKQATztIjb5tVtevcBtIdICNWqlq5+E8/Pw==",
            "dev": true,
            "license": "MIT",
            "dependencies": {
                "@kurkle/color": "^0.3.0"
            },
            "engines": {
                "pnpm": ">=8"
            }
        },
        "node_modules/chess.js": {
            "version": "1.4.0",
            "resolved": "https://registry.npmjs.org/chess.js/-/chess.js-1.4.0.tgz",
            "integrity": "sha512-BBJgrrtKQOzFLonR0l+k64A98NLemPwNsCskwb+29bRwobUa4iTm51E1kwGPbWXAcfdDa18nad6vpPPKPWarqw==",
            "dev": true,
            "license": "BSD-2-Clause"
        },
        "node_modules/stockfish": {
            "version": "18.0.8",
            "resolved": "https://registry.npmjs.org/stockfish/-/stockfish-18.0.8.tgz",
            "integrity": "sha512-z+f2UMPXLylDBGjv9e9zU8QulY7hUl8MYHesLRrdddewlOXjJrUSmtNmbtID1/F72EPhq0CCkCNxgWS5MQVWtQ==",
            "dev": true,
            "hasInstallScript": true,
            "license": "GPL-3.0",
            "bin": {
                "stockfish": "scripts/cli.js"
            }
        }
    },
    "version": "1.0.1"
}
